
Microsoft Visual Studio Solution File, Format Version 12.00
# Visual Studio Version 17
VisualStudioVersion = 17.8.34316.72
MinimumVisualStudioVersion = 10.0.40219.1
Project("{FAE04EC0-301F-11D3-BF4B-00C04F79EFBC}") = "TestingProjekt", "TestingProjekt.csproj", "{A425DBD4-48F0-4F92-B4D9-8E8FD7F70DF0}"
EndProject
Project("{FAE04EC0-301F-11D3-BF4B-00C04F79EFBC}") = "TestProject", "..\TestProject\TestProject.csproj", "{9FAED9BC-3824-4105-B04D-597203DDF6A5}"
EndProject
Project("{2150E333-8FDC-42A3-9474-1A3956D46DE8}") = "Projektmappenelemente", "Projektmappenelemente", "{990362CC-400F-4C7C-A423-9837FE492A49}"
	ProjectSection(SolutionItems) = preProject
		.gitignore = .gitignore
	EndProjectSection
EndProject
Global
	GlobalSection(SolutionConfigurationPlatforms) = preSolution
		Debug|Any CPU = Debug|Any CPU
		Release|Any CPU = Release|Any CPU
	EndGlobalSection
	GlobalSection(ProjectConfigurationPlatforms) = postSolution
		{A425DBD4-48F0-4F92-B4D9-8E8FD7F70DF0}.Debug|Any CPU.ActiveCfg = Debug|Any CPU
		{A425DBD4-48F0-4F92-B4D9-8E8FD7F70DF0}.Debug|Any CPU.Build.0 = Debug|Any CPU
		{A425DBD4-48F0-4F92-B4D9-8E8FD7F70DF0}.Release|Any CPU.ActiveCfg = Release|Any CPU
		{A425DBD4-48F0-4F92-B4D9-8E8FD7F70DF0}.Release|Any CPU.Build.0 = Release|Any CPU
		{9FAED9BC-3824-4105-B04D-597203DDF6A5}.Debug|Any CPU.ActiveCfg = Debug|Any CPU
		{9FAED9BC-3824-4105-B04D-597203DDF6A5}.Debug|Any CPU.Build.0 = Debug|Any CPU
		{9FAED9BC-3824-4105-B04D-597203DDF6A5}.Release|Any CPU.ActiveCfg = Release|Any CPU
		{9FAED9BC-3824-4105-B04D-597203DDF6A5}.Release|Any CPU.Build.0 = Release|Any CPU
	EndGlobalSection
	GlobalSection(SolutionProperties) = preSolution
		HideSolutionNode = FALSE
	EndGlobalSection
	GlobalSection(ExtensibilityGlobals) = postSolution
		SolutionGuid = {4DFBAA8B-929A-4D63-AF65-8723428D0B68}
	EndGlobalSection
EndGlobal
